
Microsoft Visual Studio Solution File, Format Version 12.00
# Visual Studio Version 17
VisualStudioVersion = 17.8.34511.84
MinimumVisualStudioVersion = 10.0.40219.1
Project("{9A19103F-16F7-4668-BE54-9A1E7A4F7556}") = "CofeeLearn", "ConsoleApp2\CofeeTeaching.csproj", "{33C0A3F5-D2DA-41A8-BD91-357DA629BA02}"
EndProject
Project("{FAE04EC0-301F-11D3-BF4B-00C04F79EFBC}") = "asp", "asp\asp.csproj", "{2C72CABB-C294-4F4C-B30F-165799C3C2C5}"
EndProject
Global
	GlobalSection(SolutionConfigurationPlatforms) = preSolution
		Debug|Any CPU = Debug|Any CPU
		Release|Any CPU = Release|Any CPU
	EndGlobalSection
	GlobalSection(ProjectConfigurationPlatforms) = postSolution
		{33C0A3F5-D2DA-41A8-BD91-357DA629BA02}.Debug|Any CPU.ActiveCfg = Debug|Any CPU
		{33C0A3F5-D2DA-41A8-BD91-357DA629BA02}.Debug|Any CPU.Build.0 = Debug|Any CPU
		{33C0A3F5-D2DA-41A8-BD91-357DA629BA02}.Release|Any CPU.ActiveCfg = Release|Any CPU
		{33C0A3F5-D2DA-41A8-BD91-357DA629BA02}.Release|Any CPU.Build.0 = Release|Any CPU
		{2C72CABB-C294-4F4C-B30F-165799C3C2C5}.Debug|Any CPU.ActiveCfg = Debug|Any CPU
		{2C72CABB-C294-4F4C-B30F-165799C3C2C5}.Debug|Any CPU.Build.0 = Debug|Any CPU
		{2C72CABB-C294-4F4C-B30F-165799C3C2C5}.Release|Any CPU.ActiveCfg = Release|Any CPU
		{2C72CABB-C294-4F4C-B30F-165799C3C2C5}.Release|Any CPU.Build.0 = Release|Any CPU
	EndGlobalSection
	GlobalSection(SolutionProperties) = preSolution
		HideSolutionNode = FALSE
	EndGlobalSection
	GlobalSection(ExtensibilityGlobals) = postSolution
		SolutionGuid = {842A157E-18DB-4CB3-8D81-3536DBDFFE3E}
	EndGlobalSection
EndGlobal
